github.com/go-ruby-matrix/matrix v0.0.0-20260630052510-d60a23f08aca h1:jerobsJZBFXJa/2ktK8DEDU/Yf5CmX12oRkrezKq/XQ=
github.com/go-ruby-matrix/matrix v0.0.0-20260630052510-d60a23f08aca/go.mod h1:ZrmXlz95j9VE3j1bUeq8a5CTWAKoEiYrkh/ON9ns9iE=
github.com/go-ruby-matrix/matrix v0.0.0-20260717070327-18d9569abdf3 h1:mouC2fDHVnZNzvFKhjUxyQK8HsJ51AvmSLS9zd/jlo0=
github.com/go-ruby-matrix/matrix v0.0.0-20260717070327-18d9569abdf3/go.mod h1:ZrmXlz95j9VE3j1bUeq8a5CTWAKoEiYrkh/ON9ns9iE=
